
Microsoft Visual Studio Solution File, Format Version 12.00
# Visual Studio Version 16
VisualStudioVersion = 16.0.33328.57
MinimumVisualStudioVersion = 10.0.40219.1
Project("{F184B08F-C81C-45F6-A57F-5ABD9991F28F}") = "SetList", "SetList\SetList.vbproj", "{70BF8CDB-6F04-4734-93B7-9BFC2F3CA272}"
EndProject
Project("{2150E333-8FDC-42A3-9474-1A3956D46DE8}") = "Solution Items", "Solution Items", "{4EB6DEDE-C30B-4C83-8A9A-90C324E5B16F}"
	ProjectSection(SolutionItems) = preProject
		.editorconfig = .editorconfig
	EndProjectSection
EndProject
Global
	GlobalSection(SolutionConfigurationPlatforms) = preSolution
		Debug|Any CPU = Debug|Any CPU
		Release|Any CPU = Release|Any CPU
	EndGlobalSection
	GlobalSection(ProjectConfigurationPlatforms) = postSolution
		{70BF8CDB-6F04-4734-93B7-9BFC2F3CA272}.Debug|Any CPU.ActiveCfg = Debug|Any CPU
		{70BF8CDB-6F04-4734-93B7-9BFC2F3CA272}.Debug|Any CPU.Build.0 = Debug|Any CPU
		{70BF8CDB-6F04-4734-93B7-9BFC2F3CA272}.Release|Any CPU.ActiveCfg = Release|Any CPU
		{70BF8CDB-6F04-4734-93B7-9BFC2F3CA272}.Release|Any CPU.Build.0 = Release|Any CPU
	EndGlobalSection
	GlobalSection(SolutionProperties) = preSolution
		HideSolutionNode = FALSE
	EndGlobalSection
	GlobalSection(ExtensibilityGlobals) = postSolution
		SolutionGuid = {8B7F4654-86DD-445E-91D2-B4B89402CF4A}
	EndGlobalSection
EndGlobal
